
Microsoft Visual Studio Solution File, Format Version 12.00
# Visual Studio Version 17
VisualStudioVersion = 17.0.32112.339
MinimumVisualStudioVersion = 10.0.40219.1
Project("{FAE04EC0-301F-11D3-BF4B-00C04F79EFBC}") = "01. Messaging", "01. Messaging\01. Messaging.csproj", "{E5E31836-374C-47C8-9290-AAFEE3656829}"
EndProject
Project("{FAE04EC0-301F-11D3-BF4B-00C04F79EFBC}") = "02. Car Race", "02. Car Race\02. Car Race.csproj", "{44AB9A5A-5E3E-4AF7-98D6-56B7F82FEDC6}"
EndProject
Project("{FAE04EC0-301F-11D3-BF4B-00C04F79EFBC}") = "03.Take-SkipRope", "03.Take-SkipRope\03.Take-SkipRope.csproj", "{1EC81CD2-0D0D-4EBD-B740-5E622FBF03E2}"
EndProject
Project("{FAE04EC0-301F-11D3-BF4B-00C04F79EFBC}") = "04. Mixed up Lists", "04. Mixed up Lists\04. Mixed up Lists.csproj", "{AA1A57A3-830D-4D93-B4BC-A964BB9B87FA}"
EndProject
Project("{FAE04EC0-301F-11D3-BF4B-00C04F79EFBC}") = "05. Drum Set", "05. Drum Set\05. Drum Set.csproj", "{6DBD850B-9A73-43F8-9076-8AF033A7131B}"
EndProject
Global
	GlobalSection(SolutionConfigurationPlatforms) = preSolution
		Debug|Any CPU = Debug|Any CPU
		Release|Any CPU = Release|Any CPU
	EndGlobalSection
	GlobalSection(ProjectConfigurationPlatforms) = postSolution
		{E5E31836-374C-47C8-9290-AAFEE3656829}.Debug|Any CPU.ActiveCfg = Debug|Any CPU
		{E5E31836-374C-47C8-9290-AAFEE3656829}.Debug|Any CPU.Build.0 = Debug|Any CPU
		{E5E31836-374C-47C8-9290-AAFEE3656829}.Release|Any CPU.ActiveCfg = Release|Any CPU
		{E5E31836-374C-47C8-9290-AAFEE3656829}.Release|Any CPU.Build.0 = Release|Any CPU
		{44AB9A5A-5E3E-4AF7-98D6-56B7F82FEDC6}.Debug|Any CPU.ActiveCfg = Debug|Any CPU
		{44AB9A5A-5E3E-4AF7-98D6-56B7F82FEDC6}.Debug|Any CPU.Build.0 = Debug|Any CPU
		{44AB9A5A-5E3E-4AF7-98D6-56B7F82FEDC6}.Release|Any CPU.ActiveCfg = Release|Any CPU
		{44AB9A5A-5E3E-4AF7-98D6-56B7F82FEDC6}.Release|Any CPU.Build.0 = Release|Any CPU
		{1EC81CD2-0D0D-4EBD-B740-5E622FBF03E2}.Debug|Any CPU.ActiveCfg = Debug|Any CPU
		{1EC81CD2-0D0D-4EBD-B740-5E622FBF03E2}.Debug|Any CPU.Build.0 = Debug|Any CPU
		{1EC81CD2-0D0D-4EBD-B740-5E622FBF03E2}.Release|Any CPU.ActiveCfg = Release|Any CPU
		{1EC81CD2-0D0D-4EBD-B740-5E622FBF03E2}.Release|Any CPU.Build.0 = Release|Any CPU
		{AA1A57A3-830D-4D93-B4BC-A964BB9B87FA}.Debug|Any CPU.ActiveCfg = Debug|Any CPU
		{AA1A57A3-830D-4D93-B4BC-A964BB9B87FA}.Debug|Any CPU.Build.0 = Debug|Any CPU
		{AA1A57A3-830D-4D93-B4BC-A964BB9B87FA}.Release|Any CPU.ActiveCfg = Release|Any CPU
		{AA1A57A3-830D-4D93-B4BC-A964BB9B87FA}.Release|Any CPU.Build.0 = Release|Any CPU
		{6DBD850B-9A73-43F8-9076-8AF033A7131B}.Debug|Any CPU.ActiveCfg = Debug|Any CPU
		{6DBD850B-9A73-43F8-9076-8AF033A7131B}.Debug|Any CPU.Build.0 = Debug|Any CPU
		{6DBD850B-9A73-43F8-9076-8AF033A7131B}.Release|Any CPU.ActiveCfg = Release|Any CPU
		{6DBD850B-9A73-43F8-9076-8AF033A7131B}.Release|Any CPU.Build.0 = Release|Any CPU
	EndGlobalSection
	GlobalSection(SolutionProperties) = preSolution
		HideSolutionNode = FALSE
	EndGlobalSection
	GlobalSection(ExtensibilityGlobals) = postSolution
		SolutionGuid = {2B76486A-6779-48D5-AD67-2C7BFC81FBD0}
	EndGlobalSection
EndGlobal
